// !$*UTF8*$!
{
	archiveVersion = 1;
	classes = {
	};
	objectVersion = 60;
	objects = {

/* Begin PBXBuildFile section */
		7A1B5CBE2C47DA4B00C7C105 /* ClearScene.sks in Resources */ = {isa = PBXBuildFile; fileRef = 7A1B5CBD2C47DA4B00C7C105 /* ClearScene.sks */; };
		7A1B5CC02C47DA6F00C7C105 /* ClearSceneController.swift in Sources */ = {isa = PBXBuildFile; fileRef = 7A1B5CBF2C47DA6F00C7C105 /* ClearSceneController.swift */; };
		7A1B5CC32C47DF6700C7C105 /* RainScene.sks in Resources */ = {isa = PBXBuildFile; fileRef = 7A1B5CC22C47DF6700C7C105 /* RainScene.sks */; };
		7A1B5CC52C47DF7000C7C105 /* RainSceneController.swift in Sources */ = {isa = PBXBuildFile; fileRef = 7A1B5CC42C47DF7000C7C105 /* RainSceneController.swift */; };
		7A1B5CC82C47E0FC00C7C105 /* StormScene.sks in Resources */ = {isa = PBXBuildFile; fileRef = 7A1B5CC72C47E0FC00C7C105 /* StormScene.sks */; };
		7A1B5CCA2C47E11900C7C105 /* StrormSceneController.swift in Sources */ = {isa = PBXBuildFile; fileRef = 7A1B5CC92C47E11900C7C105 /* StrormSceneController.swift */; };
		7A1B5CCC2C47EBD400C7C105 /* WeatherSceneControllerProtocol.swift in Sources */ = {isa = PBXBuildFile; fileRef = 7A1B5CCB2C47EBD400C7C105 /* WeatherSceneControllerProtocol.swift */; };
		7A1B5CCF2C47EE5800C7C105 /* FogScene.sks in Resources */ = {isa = PBXBuildFile; fileRef = 7A1B5CCE2C47EE5800C7C105 /* FogScene.sks */; };
		7A1B5CD12C47EE6300C7C105 /* FogSceneController.swift in Sources */ = {isa = PBXBuildFile; fileRef = 7A1B5CD02C47EE6300C7C105 /* FogSceneController.swift */; };
		7A1B5CD62C47F09900C7C105 /* SnowfallScene.sks in Resources */ = {isa = PBXBuildFile; fileRef = 7A1B5CD52C47F09900C7C105 /* SnowfallScene.sks */; };
		7A1B5CD82C47F0A300C7C105 /* SnowfallSceneController.swift in Sources */ = {isa = PBXBuildFile; fileRef = 7A1B5CD72C47F0A300C7C105 /* SnowfallSceneController.swift */; };
		7AADAB3A2C46927B00BD6101 /* AppDelegate.swift in Sources */ = {isa = PBXBuildFile; fileRef = 7AADAB392C46927B00BD6101 /* AppDelegate.swift */; };
		7AADAB3C2C46927B00BD6101 /* SceneDelegate.swift in Sources */ = {isa = PBXBuildFile; fileRef = 7AADAB3B2C46927B00BD6101 /* SceneDelegate.swift */; };
		7AADAB3E2C46927B00BD6101 /* ViewController.swift in Sources */ = {isa = PBXBuildFile; fileRef = 7AADAB3D2C46927B00BD6101 /* ViewController.swift */; };
		7AADAB412C46927B00BD6101 /* Base in Resources */ = {isa = PBXBuildFile; fileRef = 7AADAB402C46927B00BD6101 /* Base */; };
		7AADAB442C46927B00BD6101 /* WeatherEvent.xcdatamodeld in Sources */ = {isa = PBXBuildFile; fileRef = 7AADAB422C46927B00BD6101 /* WeatherEvent.xcdatamodeld */; };
		7AADAB462C46927E00BD6101 /* Assets.xcassets in Resources */ = {isa = PBXBuildFile; fileRef = 7AADAB452C46927E00BD6101 /* Assets.xcassets */; };
		7AADAB492C46927E00BD6101 /* Base in Resources */ = {isa = PBXBuildFile; fileRef = 7AADAB482C46927E00BD6101 /* Base */; };
		7AADAB542C46991B00BD6101 /* WeatherEventCollectionViewCell.swift in Sources */ = {isa = PBXBuildFile; fileRef = 7AADAB532C46991B00BD6101 /* WeatherEventCollectionViewCell.swift */; };
		7ACA9AE02C46F49E0024F9D6 /* WeatherEventModel.swift in Sources */ = {isa = PBXBuildFile; fileRef = 7ACA9ADF2C46F49E0024F9D6 /* WeatherEventModel.swift */; };
/* End PBXBuildFile section */

/* Begin PBXFileReference section */
		7A1B5CBD2C47DA4B00C7C105 /* ClearScene.sks */ = {isa = PBXFileReference; lastKnownFileType = file.sks; path = ClearScene.sks; sourceTree = "<group>"; };
		7A1B5CBF2C47DA6F00C7C105 /* ClearSceneController.swift */ = {isa = PBXFileReference; lastKnownFileType = sourcecode.swift; path = ClearSceneController.swift; sourceTree = "<group>"; };
		7A1B5CC22C47DF6700C7C105 /* RainScene.sks */ = {isa = PBXFileReference; lastKnownFileType = file.sks; path = RainScene.sks; sourceTree = "<group>"; };
		7A1B5CC42C47DF7000C7C105 /* RainSceneController.swift */ = {isa = PBXFileReference; lastKnownFileType = sourcecode.swift; path = RainSceneController.swift; sourceTree = "<group>"; };
		7A1B5CC72C47E0FC00C7C105 /* StormScene.sks */ = {isa = PBXFileReference; lastKnownFileType = file.sks; path = StormScene.sks; sourceTree = "<group>"; };
		7A1B5CC92C47E11900C7C105 /* StrormSceneController.swift */ = {isa = PBXFileReference; lastKnownFileType = sourcecode.swift; path = StrormSceneController.swift; sourceTree = "<group>"; };
		7A1B5CCB2C47EBD400C7C105 /* WeatherSceneControllerProtocol.swift */ = {isa = PBXFileReference; lastKnownFileType = sourcecode.swift; path = WeatherSceneControllerProtocol.swift; sourceTree = "<group>"; };
		7A1B5CCE2C47EE5800C7C105 /* FogScene.sks */ = {isa = PBXFileReference; lastKnownFileType = file.sks; path = FogScene.sks; sourceTree = "<group>"; };
		7A1B5CD02C47EE6300C7C105 /* FogSceneController.swift */ = {isa = PBXFileReference; lastKnownFileType = sourcecode.swift; path = FogSceneController.swift; sourceTree = "<group>"; };
		7A1B5CD52C47F09900C7C105 /* SnowfallScene.sks */ = {isa = PBXFileReference; lastKnownFileType = file.sks; path = SnowfallScene.sks; sourceTree = "<group>"; };
		7A1B5CD72C47F0A300C7C105 /* SnowfallSceneController.swift */ = {isa = PBXFileReference; lastKnownFileType = sourcecode.swift; path = SnowfallSceneController.swift; sourceTree = "<group>"; };
		7AADAB362C46927B00BD6101 /* WeatherEvent.app */ = {isa = PBXFileReference; explicitFileType = wrapper.application; includeInIndex = 0; path = WeatherEvent.app; sourceTree = BUILT_PRODUCTS_DIR; };
		7AADAB392C46927B00BD6101 /* AppDelegate.swift */ = {isa = PBXFileReference; lastKnownFileType = sourcecode.swift; path = AppDelegate.swift; sourceTree = "<group>"; };
		7AADAB3B2C46927B00BD6101 /* SceneDelegate.swift */ = {isa = PBXFileReference; lastKnownFileType = sourcecode.swift; path = SceneDelegate.swift; sourceTree = "<group>"; };
		7AADAB3D2C46927B00BD6101 /* ViewController.swift */ = {isa = PBXFileReference; lastKnownFileType = sourcecode.swift; path = ViewController.swift; sourceTree = "<group>"; };
		7AADAB402C46927B00BD6101 /* Base */ = {isa = PBXFileReference; lastKnownFileType = file.storyboard; name = Base; path = Base.lproj/Main.storyboard; sourceTree = "<group>"; };
		7AADAB432C46927B00BD6101 /* WeatherEvent.xcdatamodel */ = {isa = PBXFileReference; lastKnownFileType = wrapper.xcdatamodel; path = WeatherEvent.xcdatamodel; sourceTree = "<group>"; };
		7AADAB452C46927E00BD6101 /* Assets.xcassets */ = {isa = PBXFileReference; lastKnownFileType = folder.assetcatalog; path = Assets.xcassets; sourceTree = "<group>"; };
		7AADAB482C46927E00BD6101 /* Base */ = {isa = PBXFileReference; lastKnownFileType = file.storyboard; name = Base; path = Base.lproj/LaunchScreen.storyboard; sourceTree = "<group>"; };
		7AADAB4A2C46927E00BD6101 /* Info.plist */ = {isa = PBXFileReference; lastKnownFileType = text.plist.xml; path = Info.plist; sourceTree = "<group>"; };
		7AADAB532C46991B00BD6101 /* WeatherEventCollectionViewCell.swift */ = {isa = PBXFileReference; lastKnownFileType = sourcecode.swift; path = WeatherEventCollectionViewCell.swift; sourceTree = "<group>"; };
		7ACA9ADF2C46F49E0024F9D6 /* WeatherEventModel.swift */ = {isa = PBXFileReference; lastKnownFileType = sourcecode.swift; path = WeatherEventModel.swift; sourceTree = "<group>"; };
/* End PBXFileReference section */

/* Begin PBXFrameworksBuildPhase section */
		7AADAB332C46927B00BD6101 /* Frameworks */ = {
			isa = PBXFrameworksBuildPhase;
			buildActionMask = 2147483647;
			files = (
			);
			runOnlyForDeploymentPostprocessing = 0;
		};
/* End PBXFrameworksBuildPhase section */

/* Begin PBXGroup section */
		7A1B5CBB2C47DA1800C7C105 /* Scenes */ = {
			isa = PBXGroup;
			children = (
				7A1B5CCB2C47EBD400C7C105 /* WeatherSceneControllerProtocol.swift */,
				7A1B5CD42C47F07700C7C105 /* Snowfall */,
				7A1B5CCD2C47EE4A00C7C105 /* FogScene */,
				7A1B5CC62C47E0ED00C7C105 /* StormScene */,
				7A1B5CC12C47DF5800C7C105 /* RainScene */,
				7A1B5CBC2C47DA2700C7C105 /* ClearScene */,
			);
			path = Scenes;
			sourceTree = "<group>";
		};
		7A1B5CBC2C47DA2700C7C105 /* ClearScene */ = {
			isa = PBXGroup;
			children = (
				7A1B5CBD2C47DA4B00C7C105 /* ClearScene.sks */,
				7A1B5CBF2C47DA6F00C7C105 /* ClearSceneController.swift */,
			);
			path = ClearScene;
			sourceTree = "<group>";
		};
		7A1B5CC12C47DF5800C7C105 /* RainScene */ = {
			isa = PBXGroup;
			children = (
				7A1B5CC22C47DF6700C7C105 /* RainScene.sks */,
				7A1B5CC42C47DF7000C7C105 /* RainSceneController.swift */,
			);
			path = RainScene;
			sourceTree = "<group>";
		};
		7A1B5CC62C47E0ED00C7C105 /* StormScene */ = {
			isa = PBXGroup;
			children = (
				7A1B5CC72C47E0FC00C7C105 /* StormScene.sks */,
				7A1B5CC92C47E11900C7C105 /* StrormSceneController.swift */,
			);
			path = StormScene;
			sourceTree = "<group>";
		};
		7A1B5CCD2C47EE4A00C7C105 /* FogScene */ = {
			isa = PBXGroup;
			children = (
				7A1B5CCE2C47EE5800C7C105 /* FogScene.sks */,
				7A1B5CD02C47EE6300C7C105 /* FogSceneController.swift */,
			);
			path = FogScene;
			sourceTree = "<group>";
		};
		7A1B5CD22C47EF9F00C7C105 /* Helpers */ = {
			isa = PBXGroup;
			children = (
				7A1B5CD32C47EFA700C7C105 /* Views */,
			);
			path = Helpers;
			sourceTree = "<group>";
		};
		7A1B5CD32C47EFA700C7C105 /* Views */ = {
			isa = PBXGroup;
			children = (
				7AADAB532C46991B00BD6101 /* WeatherEventCollectionViewCell.swift */,
			);
			path = Views;
			sourceTree = "<group>";
		};
		7A1B5CD42C47F07700C7C105 /* Snowfall */ = {
			isa = PBXGroup;
			children = (
				7A1B5CD52C47F09900C7C105 /* SnowfallScene.sks */,
				7A1B5CD72C47F0A300C7C105 /* SnowfallSceneController.swift */,
			);
			path = Snowfall;
			sourceTree = "<group>";
		};
		7AADAB2D2C46927B00BD6101 = {
			isa = PBXGroup;
			children = (
				7AADAB382C46927B00BD6101 /* WeatherEvent */,
				7AADAB372C46927B00BD6101 /* Products */,
			);
			sourceTree = "<group>";
		};
		7AADAB372C46927B00BD6101 /* Products */ = {
			isa = PBXGroup;
			children = (
				7AADAB362C46927B00BD6101 /* WeatherEvent.app */,
			);
			name = Products;
			sourceTree = "<group>";
		};
		7AADAB382C46927B00BD6101 /* WeatherEvent */ = {
			isa = PBXGroup;
			children = (
				7A1B5CD22C47EF9F00C7C105 /* Helpers */,
				7ACA9ADE2C46F4930024F9D6 /* Models */,
				7AADAB502C46944800BD6101 /* Resources */,
				7A1B5CBB2C47DA1800C7C105 /* Scenes */,
				7AADAB392C46927B00BD6101 /* AppDelegate.swift */,
				7AADAB3B2C46927B00BD6101 /* SceneDelegate.swift */,
				7AADAB3D2C46927B00BD6101 /* ViewController.swift */,
				7AADAB4A2C46927E00BD6101 /* Info.plist */,
			);
			path = WeatherEvent;
			sourceTree = "<group>";
		};
		7AADAB502C46944800BD6101 /* Resources */ = {
			isa = PBXGroup;
			children = (
				7AADAB3F2C46927B00BD6101 /* Main.storyboard */,
				7AADAB452C46927E00BD6101 /* Assets.xcassets */,
				7AADAB472C46927E00BD6101 /* LaunchScreen.storyboard */,
				7AADAB422C46927B00BD6101 /* WeatherEvent.xcdatamodeld */,
			);
			path = Resources;
			sourceTree = "<group>";
		};
		7ACA9ADE2C46F4930024F9D6 /* Models */ = {
			isa = PBXGroup;
			children = (
				7ACA9ADF2C46F49E0024F9D6 /* WeatherEventModel.swift */,
			);
			path = Models;
			sourceTree = "<group>";
		};
/* End PBXGroup section */

/* Begin PBXNativeTarget section */
		7AADAB352C46927B00BD6101 /* WeatherEvent */ = {
			isa = PBXNativeTarget;
			buildConfigurationList = 7AADAB4D2C46927E00BD6101 /* Build configuration list for PBXNativeTarget "WeatherEvent" */;
			buildPhases = (
				7AADAB322C46927B00BD6101 /* Sources */,
				7AADAB332C46927B00BD6101 /* Frameworks */,
				7AADAB342C46927B00BD6101 /* Resources */,
			);
			buildRules = (
			);
			dependencies = (
			);
			name = WeatherEvent;
			productName = WeatherEvent;
			productReference = 7AADAB362C46927B00BD6101 /* WeatherEvent.app */;
			productType = "com.apple.product-type.application";
		};
/* End PBXNativeTarget section */

/* Begin PBXProject section */
		7AADAB2E2C46927B00BD6101 /* Project object */ = {
			isa = PBXProject;
			attributes = {
				BuildIndependentTargetsInParallel = 1;
				LastSwiftUpdateCheck = 1600;
				LastUpgradeCheck = 1600;
				TargetAttributes = {
					7AADAB352C46927B00BD6101 = {
						CreatedOnToolsVersion = 16.0;
					};
				};
			};
			buildConfigurationList = 7AADAB312C46927B00BD6101 /* Build configuration list for PBXProject "WeatherEvent" */;
			compatibilityVersion = "Xcode 15.0";
			developmentRegion = en;
			hasScannedForEncodings = 0;
			knownRegions = (
				en,
				Base,
			);
			mainGroup = 7AADAB2D2C46927B00BD6101;
			productRefGroup = 7AADAB372C46927B00BD6101 /* Products */;
			projectDirPath = "";
			projectRoot = "";
			targets = (
				7AADAB352C46927B00BD6101 /* WeatherEvent */,
			);
		};
/* End PBXProject section */

/* Begin PBXResourcesBuildPhase section */
		7AADAB342C46927B00BD6101 /* Resources */ = {
			isa = PBXResourcesBuildPhase;
			buildActionMask = 2147483647;
			files = (
				7A1B5CC32C47DF6700C7C105 /* RainScene.sks in Resources */,
				7A1B5CBE2C47DA4B00C7C105 /* ClearScene.sks in Resources */,
				7AADAB462C46927E00BD6101 /* Assets.xcassets in Resources */,
				7A1B5CC82C47E0FC00C7C105 /* StormScene.sks in Resources */,
				7A1B5CD62C47F09900C7C105 /* SnowfallScene.sks in Resources */,
				7AADAB492C46927E00BD6101 /* Base in Resources */,
				7A1B5CCF2C47EE5800C7C105 /* FogScene.sks in Resources */,
				7AADAB412C46927B00BD6101 /* Base in Resources */,
			);
			runOnlyForDeploymentPostprocessing = 0;
		};
/* End PBXResourcesBuildPhase section */

/* Begin PBXSourcesBuildPhase section */
		7AADAB322C46927B00BD6101 /* Sources */ = {
			isa = PBXSourcesBuildPhase;
			buildActionMask = 2147483647;
			files = (
				7AADAB542C46991B00BD6101 /* WeatherEventCollectionViewCell.swift in Sources */,
				7A1B5CD12C47EE6300C7C105 /* FogSceneController.swift in Sources */,
				7A1B5CCA2C47E11900C7C105 /* StrormSceneController.swift in Sources */,
				7AADAB3E2C46927B00BD6101 /* ViewController.swift in Sources */,
				7A1B5CD82C47F0A300C7C105 /* SnowfallSceneController.swift in Sources */,
				7AADAB3A2C46927B00BD6101 /* AppDelegate.swift in Sources */,
				7AADAB3C2C46927B00BD6101 /* SceneDelegate.swift in Sources */,
				7ACA9AE02C46F49E0024F9D6 /* WeatherEventModel.swift in Sources */,
				7A1B5CCC2C47EBD400C7C105 /* WeatherSceneControllerProtocol.swift in Sources */,
				7AADAB442C46927B00BD6101 /* WeatherEvent.xcdatamodeld in Sources */,
				7A1B5CC52C47DF7000C7C105 /* RainSceneController.swift in Sources */,
				7A1B5CC02C47DA6F00C7C105 /* ClearSceneController.swift in Sources */,
			);
			runOnlyForDeploymentPostprocessing = 0;
		};
/* End PBXSourcesBuildPhase section */

/* Begin PBXVariantGroup section */
		7AADAB3F2C46927B00BD6101 /* Main.storyboard */ = {
			isa = PBXVariantGroup;
			children = (
				7AADAB402C46927B00BD6101 /* Base */,
			);
			name = Main.storyboard;
			sourceTree = "<group>";
		};
		7AADAB472C46927E00BD6101 /* LaunchScreen.storyboard */ = {
			isa = PBXVariantGroup;
			children = (
				7AADAB482C46927E00BD6101 /* Base */,
			);
			name = LaunchScreen.storyboard;
			sourceTree = "<group>";
		};
/* End PBXVariantGroup section */

/* Begin XCBuildConfiguration section */
		7AADAB4B2C46927E00BD6101 /* Debug */ = {
			isa = XCBuildConfiguration;
			buildSettings = {
				ALWAYS_SEARCH_USER_PATHS = NO;
				ASSETCATALOG_COMPILER_GENERATE_SWIFT_ASSET_SYMBOL_EXTENSIONS = YES;
				CLANG_ANALYZER_NONNULL = YES;
				CLANG_ANALYZER_NUMBER_OBJECT_CONVERSION = YES_AGGRESSIVE;
				CLANG_CXX_LANGUAGE_STANDARD = "gnu++20";
				CLANG_ENABLE_MODULES = YES;
				CLANG_ENABLE_OBJC_ARC = YES;
				CLANG_ENABLE_OBJC_WEAK = YES;
				CLANG_WARN_BLOCK_CAPTURE_AUTORELEASING = YES;
				CLANG_WARN_BOOL_CONVERSION = YES;
				CLANG_WARN_COMMA = YES;
				CLANG_WARN_CONSTANT_CONVERSION = YES;
				CLANG_WARN_DEPRECATED_OBJC_IMPLEMENTATIONS = YES;
				CLANG_WARN_DIRECT_OBJC_ISA_USAGE = YES_ERROR;
				CLANG_WARN_DOCUMENTATION_COMMENTS = YES;
				CLANG_WARN_EMPTY_BODY = YES;
				CLANG_WARN_ENUM_CONVERSION = YES;
				CLANG_WARN_INFINITE_RECURSION = YES;
				CLANG_WARN_INT_CONVERSION = YES;
				CLANG_WARN_NON_LITERAL_NULL_CONVERSION = YES;
				CLANG_WARN_OBJC_IMPLICIT_RETAIN_SELF = YES;
				CLANG_WARN_OBJC_LITERAL_CONVERSION = YES;
				CLANG_WARN_OBJC_ROOT_CLASS = YES_ERROR;
				CLANG_WARN_QUOTED_INCLUDE_IN_FRAMEWORK_HEADER = YES;
				CLANG_WARN_RANGE_LOOP_ANALYSIS = YES;
				CLANG_WARN_STRICT_PROTOTYPES = YES;
				CLANG_WARN_SUSPICIOUS_MOVE = YES;
				CLANG_WARN_UNGUARDED_AVAILABILITY = YES_AGGRESSIVE;
				CLANG_WARN_UNREACHABLE_CODE = YES;
				CLANG_WARN__DUPLICATE_METHOD_MATCH = YES;
				COPY_PHASE_STRIP = NO;
				DEBUG_INFORMATION_FORMAT = dwarf;
				ENABLE_STRICT_OBJC_MSGSEND = YES;
				ENABLE_TESTABILITY = YES;
				ENABLE_USER_SCRIPT_SANDBOXING = YES;
				GCC_C_LANGUAGE_STANDARD = gnu17;
				GCC_DYNAMIC_NO_PIC = NO;
				GCC_NO_COMMON_BLOCKS = YES;
				GCC_OPTIMIZATION_LEVEL = 0;
				GCC_PREPROCESSOR_DEFINITIONS = (
					"DEBUG=1",
					"$(inherited)",
				);
				GCC_WARN_64_TO_32_BIT_CONVERSION = YES;
				GCC_WARN_ABOUT_RETURN_TYPE = YES_ERROR;
				GCC_WARN_UNDECLARED_SELECTOR = YES;
				GCC_WARN_UNINITIALIZED_AUTOS = YES_AGGRESSIVE;
				GCC_WARN_UNUSED_FUNCTION = YES;
				GCC_WARN_UNUSED_VARIABLE = YES;
				IPHONEOS_DEPLOYMENT_TARGET = 18.0;
				LOCALIZATION_PREFERS_STRING_CATALOGS = YES;
				MTL_ENABLE_DEBUG_INFO = INCLUDE_SOURCE;
				MTL_FAST_MATH = YES;
				ONLY_ACTIVE_ARCH = YES;
				SDKROOT = iphoneos;
				SWIFT_ACTIVE_COMPILATION_CONDITIONS = "DEBUG $(inherited)";
				SWIFT_OPTIMIZATION_LEVEL = "-Onone";
			};
			name = Debug;
		};
		7AADAB4C2C46927E00BD6101 /* Release */ = {
			isa = XCBuildConfiguration;
			buildSettings = {
				ALWAYS_SEARCH_USER_PATHS = NO;
				ASSETCATALOG_COMPILER_GENERATE_SWIFT_ASSET_SYMBOL_EXTENSIONS = YES;
				CLANG_ANALYZER_NONNULL = YES;
				CLANG_ANALYZER_NUMBER_OBJECT_CONVERSION = YES_AGGRESSIVE;
				CLANG_CXX_LANGUAGE_STANDARD = "gnu++20";
				CLANG_ENABLE_MODULES = YES;
				CLANG_ENABLE_OBJC_ARC = YES;
				CLANG_ENABLE_OBJC_WEAK = YES;
				CLANG_WARN_BLOCK_CAPTURE_AUTORELEASING = YES;
				CLANG_WARN_BOOL_CONVERSION = YES;
				CLANG_WARN_COMMA = YES;
				CLANG_WARN_CONSTANT_CONVERSION = YES;
				CLANG_WARN_DEPRECATED_OBJC_IMPLEMENTATIONS = YES;
				CLANG_WARN_DIRECT_OBJC_ISA_USAGE = YES_ERROR;
				CLANG_WARN_DOCUMENTATION_COMMENTS = YES;
				CLANG_WARN_EMPTY_BODY = YES;
				CLANG_WARN_ENUM_CONVERSION = YES;
				CLANG_WARN_INFINITE_RECURSION = YES;
				CLANG_WARN_INT_CONVERSION = YES;
				CLANG_WARN_NON_LITERAL_NULL_CONVERSION = YES;
				CLANG_WARN_OBJC_IMPLICIT_RETAIN_SELF = YES;
				CLANG_WARN_OBJC_LITERAL_CONVERSION = YES;
				CLANG_WARN_OBJC_ROOT_CLASS = YES_ERROR;
				CLANG_WARN_QUOTED_INCLUDE_IN_FRAMEWORK_HEADER = YES;
				CLANG_WARN_RANGE_LOOP_ANALYSIS = YES;
				CLANG_WARN_STRICT_PROTOTYPES = YES;
				CLANG_WARN_SUSPICIOUS_MOVE = YES;
				CLANG_WARN_UNGUARDED_AVAILABILITY = YES_AGGRESSIVE;
				CLANG_WARN_UNREACHABLE_CODE = YES;
				CLANG_WARN__DUPLICATE_METHOD_MATCH = YES;
				COPY_PHASE_STRIP = NO;
				DEBUG_INFORMATION_FORMAT = "dwarf-with-dsym";
				ENABLE_NS_ASSERTIONS = NO;
				ENABLE_STRICT_OBJC_MSGSEND = YES;
				ENABLE_USER_SCRIPT_SANDBOXING = YES;
				GCC_C_LANGUAGE_STANDARD = gnu17;
				GCC_NO_COMMON_BLOCKS = YES;
				GCC_WARN_64_TO_32_BIT_CONVERSION = YES;
				GCC_WARN_ABOUT_RETURN_TYPE = YES_ERROR;
				GCC_WARN_UNDECLARED_SELECTOR = YES;
				GCC_WARN_UNINITIALIZED_AUTOS = YES_AGGRESSIVE;
				GCC_WARN_UNUSED_FUNCTION = YES;
				GCC_WARN_UNUSED_VARIABLE = YES;
				IPHONEOS_DEPLOYMENT_TARGET = 18.0;
				LOCALIZATION_PREFERS_STRING_CATALOGS = YES;
				MTL_ENABLE_DEBUG_INFO = NO;
				MTL_FAST_MATH = YES;
				SDKROOT = iphoneos;
				SWIFT_COMPILATION_MODE = wholemodule;
				VALIDATE_PRODUCT = YES;
			};
			name = Release;
		};
		7AADAB4E2C46927E00BD6101 /* Debug */ = {
			isa = XCBuildConfiguration;
			buildSettings = {
				ASSETCATALOG_COMPILER_APPICON_NAME = AppIcon;
				ASSETCATALOG_COMPILER_GLOBAL_ACCENT_COLOR_NAME = AccentColor;
				CODE_SIGN_STYLE = Automatic;
				CURRENT_PROJECT_VERSION = 1;
				DEVELOPMENT_TEAM = 8BPKDD8276;
				GENERATE_INFOPLIST_FILE = YES;
				INFOPLIST_FILE = WeatherEvent/Info.plist;
				INFOPLIST_KEY_UIApplicationSupportsIndirectInputEvents = YES;
				INFOPLIST_KEY_UILaunchStoryboardName = LaunchScreen;
				INFOPLIST_KEY_UIMainStoryboardFile = Main;
				INFOPLIST_KEY_UISupportedInterfaceOrientations_iPad = "UIInterfaceOrientationPortrait UIInterfaceOrientationPortraitUpsideDown UIInterfaceOrientationLandscapeLeft UIInterfaceOrientationLandscapeRight";
				INFOPLIST_KEY_UISupportedInterfaceOrientations_iPhone = "UIInterfaceOrientationPortrait UIInterfaceOrientationLandscapeLeft UIInterfaceOrientationLandscapeRight";
				IPHONEOS_DEPLOYMENT_TARGET = 15;
				LD_RUNPATH_SEARCH_PATHS = (
					"$(inherited)",
					"@executable_path/Frameworks",
				);
				MARKETING_VERSION = 1.0;
				PRODUCT_BUNDLE_IDENTIFIER = com.savikapps.WeatherEvent;
				PRODUCT_NAME = "$(TARGET_NAME)";
				SWIFT_EMIT_LOC_STRINGS = YES;
				SWIFT_VERSION = 5.0;
				TARGETED_DEVICE_FAMILY = "1,2";
			};
			name = Debug;
		};
		7AADAB4F2C46927E00BD6101 /* Release */ = {
			isa = XCBuildConfiguration;
			buildSettings = {
				ASSETCATALOG_COMPILER_APPICON_NAME = AppIcon;
				ASSETCATALOG_COMPILER_GLOBAL_ACCENT_COLOR_NAME = AccentColor;
				CODE_SIGN_STYLE = Automatic;
				CURRENT_PROJECT_VERSION = 1;
				DEVELOPMENT_TEAM = 8BPKDD8276;
				GENERATE_INFOPLIST_FILE = YES;
				INFOPLIST_FILE = WeatherEvent/Info.plist;
				INFOPLIST_KEY_UIApplicationSupportsIndirectInputEvents = YES;
				INFOPLIST_KEY_UILaunchStoryboardName = LaunchScreen;
				INFOPLIST_KEY_UIMainStoryboardFile = Main;
				INFOPLIST_KEY_UISupportedInterfaceOrientations_iPad = "UIInterfaceOrientationPortrait UIInterfaceOrientationPortraitUpsideDown UIInterfaceOrientationLandscapeLeft UIInterfaceOrientationLandscapeRight";
				INFOPLIST_KEY_UISupportedInterfaceOrientations_iPhone = "UIInterfaceOrientationPortrait UIInterfaceOrientationLandscapeLeft UIInterfaceOrientationLandscapeRight";
				IPHONEOS_DEPLOYMENT_TARGET = 15;
				LD_RUNPATH_SEARCH_PATHS = (
					"$(inherited)",
					"@executable_path/Frameworks",
				);
				MARKETING_VERSION = 1.0;
				PRODUCT_BUNDLE_IDENTIFIER = com.savikapps.WeatherEvent;
				PRODUCT_NAME = "$(TARGET_NAME)";
				SWIFT_EMIT_LOC_STRINGS = YES;
				SWIFT_VERSION = 5.0;
				TARGETED_DEVICE_FAMILY = "1,2";
			};
			name = Release;
		};
/* End XCBuildConfiguration section */

/* Begin XCConfigurationList section */
		7AADAB312C46927B00BD6101 /* Build configuration list for PBXProject "WeatherEvent" */ = {
			isa = XCConfigurationList;
			buildConfigurations = (
				7AADAB4B2C46927E00BD6101 /* Debug */,
				7AADAB4C2C46927E00BD6101 /* Release */,
			);
			defaultConfigurationIsVisible = 0;
			defaultConfigurationName = Release;
		};
		7AADAB4D2C46927E00BD6101 /* Build configuration list for PBXNativeTarget "WeatherEvent" */ = {
			isa = XCConfigurationList;
			buildConfigurations = (
				7AADAB4E2C46927E00BD6101 /* Debug */,
				7AADAB4F2C46927E00BD6101 /* Release */,
			);
			defaultConfigurationIsVisible = 0;
			defaultConfigurationName = Release;
		};
/* End XCConfigurationList section */

/* Begin XCVersionGroup section */
		7AADAB422C46927B00BD6101 /* WeatherEvent.xcdatamodeld */ = {
			isa = XCVersionGroup;
			children = (
				7AADAB432C46927B00BD6101 /* WeatherEvent.xcdatamodel */,
			);
			currentVersion = 7AADAB432C46927B00BD6101 /* WeatherEvent.xcdatamodel */;
			path = WeatherEvent.xcdatamodeld;
			sourceTree = "<group>";
			versionGroupType = wrapper.xcdatamodel;
		};
/* End XCVersionGroup section */
	};
	rootObject = 7AADAB2E2C46927B00BD6101 /* Project object */;
}
